
Microsoft Visual Studio Solution File, Format Version 12.00
# Visual Studio Version 16
VisualStudioVersion = 16.0.32602.291
MinimumVisualStudioVersion = 10.0.40219.1
Project("{9A19103F-16F7-4668-BE54-9A1E7A4F7556}") = "MyProject.Server", "Server\MyProject.Server.csproj", "{730CDE38-666C-4ECA-A1FF-BCC97A2F2EE5}"
EndProject
Project("{9A19103F-16F7-4668-BE54-9A1E7A4F7556}") = "MyProject.Client", "Client\MyProject.Client.csproj", "{F6244EAF-C11E-46D1-8E48-BCB25A932042}"
EndProject
Project("{9A19103F-16F7-4668-BE54-9A1E7A4F7556}") = "MyProject.Shared", "Shared\MyProject.Shared.csproj", "{86497645-22F7-4A25-BF00-C57212BE08C7}"
EndProject
Global
	GlobalSection(SolutionConfigurationPlatforms) = preSolution
		Debug|Any CPU = Debug|Any CPU
		Release|Any CPU = Release|Any CPU
	EndGlobalSection
	GlobalSection(ProjectConfigurationPlatforms) = postSolution
		{730CDE38-666C-4ECA-A1FF-BCC97A2F2EE5}.Debug|Any CPU.ActiveCfg = Debug|Any CPU
		{730CDE38-666C-4ECA-A1FF-BCC97A2F2EE5}.Debug|Any CPU.Build.0 = Debug|Any CPU
		{730CDE38-666C-4ECA-A1FF-BCC97A2F2EE5}.Release|Any CPU.ActiveCfg = Release|Any CPU
		{730CDE38-666C-4ECA-A1FF-BCC97A2F2EE5}.Release|Any CPU.Build.0 = Release|Any CPU
		{F6244EAF-C11E-46D1-8E48-BCB25A932042}.Debug|Any CPU.ActiveCfg = Debug|Any CPU
		{F6244EAF-C11E-46D1-8E48-BCB25A932042}.Debug|Any CPU.Build.0 = Debug|Any CPU
		{F6244EAF-C11E-46D1-8E48-BCB25A932042}.Release|Any CPU.ActiveCfg = Release|Any CPU
		{F6244EAF-C11E-46D1-8E48-BCB25A932042}.Release|Any CPU.Build.0 = Release|Any CPU
		{86497645-22F7-4A25-BF00-C57212BE08C7}.Debug|Any CPU.ActiveCfg = Debug|Any CPU
		{86497645-22F7-4A25-BF00-C57212BE08C7}.Debug|Any CPU.Build.0 = Debug|Any CPU
		{86497645-22F7-4A25-BF00-C57212BE08C7}.Release|Any CPU.ActiveCfg = Release|Any CPU
		{86497645-22F7-4A25-BF00-C57212BE08C7}.Release|Any CPU.Build.0 = Release|Any CPU
	EndGlobalSection
	GlobalSection(SolutionProperties) = preSolution
		HideSolutionNode = FALSE
	EndGlobalSection
	GlobalSection(ExtensibilityGlobals) = postSolution
		SolutionGuid = {D950F305-FED0-4A8B-AF60-D8F5066CD48E}
	EndGlobalSection
EndGlobal
